// !$*UTF8*$!
{
	archiveVersion = 1;
	classes = {
	};
	objectVersion = 51;
	objects = {

/* Begin PBXBuildFile section */
		162A1D1F260B4CE100D7E4D5 /* BasePresenter.swift in Sources */ = {isa = PBXBuildFile; fileRef = 162A1D17260B4CE100D7E4D5 /* BasePresenter.swift */; };
		162A1D21260B4CE100D7E4D5 /* BaseInteractor.swift in Sources */ = {isa = PBXBuildFile; fileRef = 162A1D19260B4CE100D7E4D5 /* BaseInteractor.swift */; };
		162A1D24260B4CE100D7E4D5 /* BaseEntity.swift in Sources */ = {isa = PBXBuildFile; fileRef = 162A1D1C260B4CE100D7E4D5 /* BaseEntity.swift */; };
		162A1D25260B4CE100D7E4D5 /* BaseWireframe.swift in Sources */ = {isa = PBXBuildFile; fileRef = 162A1D1D260B4CE100D7E4D5 /* BaseWireframe.swift */; };
		162A1D28260B4FB000D7E4D5 /* BaseViewController.swift in Sources */ = {isa = PBXBuildFile; fileRef = 162A1D27260B4FB000D7E4D5 /* BaseViewController.swift */; };
		162A1D2F260B551200D7E4D5 /* StringExtension.swift in Sources */ = {isa = PBXBuildFile; fileRef = 162A1D2E260B551200D7E4D5 /* StringExtension.swift */; };
		162A1D3F260B565700D7E4D5 /* UIViewControllerExtension.swift in Sources */ = {isa = PBXBuildFile; fileRef = 162A1D3E260B565700D7E4D5 /* UIViewControllerExtension.swift */; };
		162A1DD8260BB9E500D7E4D5 /* NetworkConstants.swift in Sources */ = {isa = PBXBuildFile; fileRef = 162A1DD7260BB9E500D7E4D5 /* NetworkConstants.swift */; };
		162A1DDB260BBA1C00D7E4D5 /* BaseNetworkProvider.swift in Sources */ = {isa = PBXBuildFile; fileRef = 162A1DDA260BBA1C00D7E4D5 /* BaseNetworkProvider.swift */; };
		162A1DDE260BBA9E00D7E4D5 /* BreakingBadDAO.swift in Sources */ = {isa = PBXBuildFile; fileRef = 162A1DDD260BBA9E00D7E4D5 /* BreakingBadDAO.swift */; };
		162A1DE9260BBC9C00D7E4D5 /* BreakingBadNetworkProvider.swift in Sources */ = {isa = PBXBuildFile; fileRef = 162A1DE8260BBC9C00D7E4D5 /* BreakingBadNetworkProvider.swift */; };
		162A1DED260BBFCB00D7E4D5 /* Enviroment.swift in Sources */ = {isa = PBXBuildFile; fileRef = 162A1DEC260BBFCB00D7E4D5 /* Enviroment.swift */; };
		16DADFE5260A85D100C075E0 /* AppDelegate.swift in Sources */ = {isa = PBXBuildFile; fileRef = 16DADFE4260A85D100C075E0 /* AppDelegate.swift */; };
		16DADFE7260A85D100C075E0 /* SceneDelegate.swift in Sources */ = {isa = PBXBuildFile; fileRef = 16DADFE6260A85D100C075E0 /* SceneDelegate.swift */; };
		16DADFE9260A85D100C075E0 /* ViewController.swift in Sources */ = {isa = PBXBuildFile; fileRef = 16DADFE8260A85D100C075E0 /* ViewController.swift */; };
		16DADFEC260A85D100C075E0 /* Main.storyboard in Resources */ = {isa = PBXBuildFile; fileRef = 16DADFEA260A85D100C075E0 /* Main.storyboard */; };
		16DADFEE260A85D400C075E0 /* Assets.xcassets in Resources */ = {isa = PBXBuildFile; fileRef = 16DADFED260A85D400C075E0 /* Assets.xcassets */; };
		16DADFF1260A85D400C075E0 /* LaunchScreen.storyboard in Resources */ = {isa = PBXBuildFile; fileRef = 16DADFEF260A85D400C075E0 /* LaunchScreen.storyboard */; };
		BFF2B246696E2F1672D029DC /* Pods_ClassRiders.framework in Frameworks */ = {isa = PBXBuildFile; fileRef = 8F979245A216B0253FDEA617 /* Pods_ClassRiders.framework */; };
/* End PBXBuildFile section */

/* Begin PBXFileReference section */
		162A1D17260B4CE100D7E4D5 /* BasePresenter.swift */ = {isa = PBXFileReference; lastKnownFileType = sourcecode.swift; path = BasePresenter.swift; sourceTree = "<group>"; };
		162A1D19260B4CE100D7E4D5 /* BaseInteractor.swift */ = {isa = PBXFileReference; lastKnownFileType = sourcecode.swift; path = BaseInteractor.swift; sourceTree = "<group>"; };
		162A1D1C260B4CE100D7E4D5 /* BaseEntity.swift */ = {isa = PBXFileReference; lastKnownFileType = sourcecode.swift; path = BaseEntity.swift; sourceTree = "<group>"; };
		162A1D1D260B4CE100D7E4D5 /* BaseWireframe.swift */ = {isa = PBXFileReference; lastKnownFileType = sourcecode.swift; path = BaseWireframe.swift; sourceTree = "<group>"; };
		162A1D27260B4FB000D7E4D5 /* BaseViewController.swift */ = {isa = PBXFileReference; lastKnownFileType = sourcecode.swift; path = BaseViewController.swift; sourceTree = "<group>"; };
		162A1D2E260B551200D7E4D5 /* StringExtension.swift */ = {isa = PBXFileReference; lastKnownFileType = sourcecode.swift; path = StringExtension.swift; sourceTree = "<group>"; };
		162A1D3E260B565700D7E4D5 /* UIViewControllerExtension.swift */ = {isa = PBXFileReference; lastKnownFileType = sourcecode.swift; path = UIViewControllerExtension.swift; sourceTree = "<group>"; };
		162A1DD7260BB9E500D7E4D5 /* NetworkConstants.swift */ = {isa = PBXFileReference; lastKnownFileType = sourcecode.swift; path = NetworkConstants.swift; sourceTree = "<group>"; };
		162A1DDA260BBA1C00D7E4D5 /* BaseNetworkProvider.swift */ = {isa = PBXFileReference; lastKnownFileType = sourcecode.swift; path = BaseNetworkProvider.swift; sourceTree = "<group>"; };
		162A1DDD260BBA9E00D7E4D5 /* BreakingBadDAO.swift */ = {isa = PBXFileReference; lastKnownFileType = sourcecode.swift; path = BreakingBadDAO.swift; sourceTree = "<group>"; };
		162A1DE8260BBC9C00D7E4D5 /* BreakingBadNetworkProvider.swift */ = {isa = PBXFileReference; lastKnownFileType = sourcecode.swift; path = BreakingBadNetworkProvider.swift; sourceTree = "<group>"; };
		162A1DEC260BBFCB00D7E4D5 /* Enviroment.swift */ = {isa = PBXFileReference; lastKnownFileType = sourcecode.swift; path = Enviroment.swift; sourceTree = "<group>"; };
		16DADFE1260A85D100C075E0 /* ClassRiders.app */ = {isa = PBXFileReference; explicitFileType = wrapper.application; includeInIndex = 0; path = ClassRiders.app; sourceTree = BUILT_PRODUCTS_DIR; };
		16DADFE4260A85D100C075E0 /* AppDelegate.swift */ = {isa = PBXFileReference; lastKnownFileType = sourcecode.swift; path = AppDelegate.swift; sourceTree = "<group>"; };
		16DADFE6260A85D100C075E0 /* SceneDelegate.swift */ = {isa = PBXFileReference; lastKnownFileType = sourcecode.swift; path = SceneDelegate.swift; sourceTree = "<group>"; };
		16DADFE8260A85D100C075E0 /* ViewController.swift */ = {isa = PBXFileReference; lastKnownFileType = sourcecode.swift; path = ViewController.swift; sourceTree = "<group>"; };
		16DADFEB260A85D100C075E0 /* Base */ = {isa = PBXFileReference; lastKnownFileType = file.storyboard; name = Base; path = Base.lproj/Main.storyboard; sourceTree = "<group>"; };
		16DADFED260A85D400C075E0 /* Assets.xcassets */ = {isa = PBXFileReference; lastKnownFileType = folder.assetcatalog; path = Assets.xcassets; sourceTree = "<group>"; };
		16DADFF0260A85D400C075E0 /* Base */ = {isa = PBXFileReference; lastKnownFileType = file.storyboard; name = Base; path = Base.lproj/LaunchScreen.storyboard; sourceTree = "<group>"; };
		16DADFF2260A85D400C075E0 /* Info.plist */ = {isa = PBXFileReference; lastKnownFileType = text.plist.xml; path = Info.plist; sourceTree = "<group>"; };
		1F45E68BECE35E9A0FA0B7BD /* Pods-ClassRiders.debug (production).xcconfig */ = {isa = PBXFileReference; includeInIndex = 1; lastKnownFileType = text.xcconfig; name = "Pods-ClassRiders.debug (production).xcconfig"; path = "Target Support Files/Pods-ClassRiders/Pods-ClassRiders.debug (production).xcconfig"; sourceTree = "<group>"; };
		220AB13B56084E0E44A41C6B /* Pods-ClassRiders.release (development).xcconfig */ = {isa = PBXFileReference; includeInIndex = 1; lastKnownFileType = text.xcconfig; name = "Pods-ClassRiders.release (development).xcconfig"; path = "Target Support Files/Pods-ClassRiders/Pods-ClassRiders.release (development).xcconfig"; sourceTree = "<group>"; };
		25ABB810790ACB9F1247785D /* Pods-ClassRiders.debug (development).xcconfig */ = {isa = PBXFileReference; includeInIndex = 1; lastKnownFileType = text.xcconfig; name = "Pods-ClassRiders.debug (development).xcconfig"; path = "Target Support Files/Pods-ClassRiders/Pods-ClassRiders.debug (development).xcconfig"; sourceTree = "<group>"; };
		26E7D22E69BA466F5FE99345 /* Pods-ClassRiders.release (production) .xcconfig */ = {isa = PBXFileReference; includeInIndex = 1; lastKnownFileType = text.xcconfig; name = "Pods-ClassRiders.release (production) .xcconfig"; path = "Target Support Files/Pods-ClassRiders/Pods-ClassRiders.release (production) .xcconfig"; sourceTree = "<group>"; };
		6C2D11799B8ED81C7C584506 /* Pods-ClassRiders.debug.xcconfig */ = {isa = PBXFileReference; includeInIndex = 1; lastKnownFileType = text.xcconfig; name = "Pods-ClassRiders.debug.xcconfig"; path = "Target Support Files/Pods-ClassRiders/Pods-ClassRiders.debug.xcconfig"; sourceTree = "<group>"; };
		8F979245A216B0253FDEA617 /* Pods_ClassRiders.framework */ = {isa = PBXFileReference; explicitFileType = wrapper.framework; includeInIndex = 0; path = Pods_ClassRiders.framework; sourceTree = BUILT_PRODUCTS_DIR; };
/* End PBXFileReference section */

/* Begin PBXFrameworksBuildPhase section */
		16DADFDE260A85D100C075E0 /* Frameworks */ = {
			isa = PBXFrameworksBuildPhase;
			buildActionMask = 2147483647;
			files = (
				BFF2B246696E2F1672D029DC /* Pods_ClassRiders.framework in Frameworks */,
			);
			runOnlyForDeploymentPostprocessing = 0;
		};
/* End PBXFrameworksBuildPhase section */

/* Begin PBXGroup section */
		162A1D2D260B54EA00D7E4D5 /* Extensions */ = {
			isa = PBXGroup;
			children = (
				162A1D2E260B551200D7E4D5 /* StringExtension.swift */,
				162A1D3E260B565700D7E4D5 /* UIViewControllerExtension.swift */,
			);
			path = Extensions;
			sourceTree = "<group>";
		};
		162A1DD2260BB81D00D7E4D5 /* Providers */ = {
			isa = PBXGroup;
			children = (
				162A1DD4260BB96800D7E4D5 /* Network */,
			);
			path = Providers;
			sourceTree = "<group>";
		};
		162A1DD4260BB96800D7E4D5 /* Network */ = {
			isa = PBXGroup;
			children = (
				162A1DDA260BBA1C00D7E4D5 /* BaseNetworkProvider.swift */,
				162A1DD7260BB9E500D7E4D5 /* NetworkConstants.swift */,
				162A1DD5260BB98300D7E4D5 /* Gateways */,
			);
			path = Network;
			sourceTree = "<group>";
		};
		162A1DD5260BB98300D7E4D5 /* Gateways */ = {
			isa = PBXGroup;
			children = (
				162A1DD6260BB98E00D7E4D5 /* DAO */,
				162A1DE8260BBC9C00D7E4D5 /* BreakingBadNetworkProvider.swift */,
			);
			path = Gateways;
			sourceTree = "<group>";
		};
		162A1DD6260BB98E00D7E4D5 /* DAO */ = {
			isa = PBXGroup;
			children = (
				162A1DDD260BBA9E00D7E4D5 /* BreakingBadDAO.swift */,
			);
			path = DAO;
			sourceTree = "<group>";
		};
		162A1DEB260BBF8800D7E4D5 /* Configuration */ = {
			isa = PBXGroup;
			children = (
				162A1DEC260BBFCB00D7E4D5 /* Enviroment.swift */,
			);
			path = Configuration;
			sourceTree = "<group>";
		};
		1638C302260A9BE30037BAA0 /* Modules */ = {
			isa = PBXGroup;
			children = (
				1638C327260A9D1D0037BAA0 /* Base */,
			);
			path = Modules;
			sourceTree = "<group>";
		};
		1638C327260A9D1D0037BAA0 /* Base */ = {
			isa = PBXGroup;
			children = (
				162A1D1C260B4CE100D7E4D5 /* BaseEntity.swift */,
				162A1D19260B4CE100D7E4D5 /* BaseInteractor.swift */,
				162A1D17260B4CE100D7E4D5 /* BasePresenter.swift */,
				162A1D27260B4FB000D7E4D5 /* BaseViewController.swift */,
				162A1D1D260B4CE100D7E4D5 /* BaseWireframe.swift */,
			);
			path = Base;
			sourceTree = "<group>";
		};
		16DADFD8260A85D100C075E0 = {
			isa = PBXGroup;
			children = (
				16DADFE3260A85D100C075E0 /* ClassRiders */,
				16DADFE2260A85D100C075E0 /* Products */,
				5ED4EFEE54F5D40663A8B222 /* Pods */,
				56AED310CB4A5E256EF75BD4 /* Frameworks */,
			);
			sourceTree = "<group>";
		};
		16DADFE2260A85D100C075E0 /* Products */ = {
			isa = PBXGroup;
			children = (
				16DADFE1260A85D100C075E0 /* ClassRiders.app */,
			);
			name = Products;
			sourceTree = "<group>";
		};
		16DADFE3260A85D100C075E0 /* ClassRiders */ = {
			isa = PBXGroup;
			children = (
				162A1DEB260BBF8800D7E4D5 /* Configuration */,
				162A1D2D260B54EA00D7E4D5 /* Extensions */,
				1638C302260A9BE30037BAA0 /* Modules */,
				162A1DD2260BB81D00D7E4D5 /* Providers */,
				16DADFE4260A85D100C075E0 /* AppDelegate.swift */,
				16DADFE6260A85D100C075E0 /* SceneDelegate.swift */,
				16DADFE8260A85D100C075E0 /* ViewController.swift */,
				16DADFEA260A85D100C075E0 /* Main.storyboard */,
				16DADFED260A85D400C075E0 /* Assets.xcassets */,
				16DADFEF260A85D400C075E0 /* LaunchScreen.storyboard */,
				16DADFF2260A85D400C075E0 /* Info.plist */,
			);
			path = ClassRiders;
			sourceTree = "<group>";
		};
		56AED310CB4A5E256EF75BD4 /* Frameworks */ = {
			isa = PBXGroup;
			children = (
				8F979245A216B0253FDEA617 /* Pods_ClassRiders.framework */,
			);
			name = Frameworks;
			sourceTree = "<group>";
		};
		5ED4EFEE54F5D40663A8B222 /* Pods */ = {
			isa = PBXGroup;
			children = (
				25ABB810790ACB9F1247785D /* Pods-ClassRiders.debug (development).xcconfig */,
				6C2D11799B8ED81C7C584506 /* Pods-ClassRiders.debug.xcconfig */,
				1F45E68BECE35E9A0FA0B7BD /* Pods-ClassRiders.debug (production).xcconfig */,
				220AB13B56084E0E44A41C6B /* Pods-ClassRiders.release (development).xcconfig */,
				26E7D22E69BA466F5FE99345 /* Pods-ClassRiders.release (production) .xcconfig */,
			);
			path = Pods;
			sourceTree = "<group>";
		};
/* End PBXGroup section */

/* Begin PBXNativeTarget section */
		16DADFE0260A85D100C075E0 /* ClassRiders */ = {
			isa = PBXNativeTarget;
			buildConfigurationList = 16DADFF5260A85D400C075E0 /* Build configuration list for PBXNativeTarget "ClassRiders" */;
			buildPhases = (
				1A69AF973E4D10AAA1A2A016 /* [CP] Check Pods Manifest.lock */,
				16DADFDD260A85D100C075E0 /* Sources */,
				16DADFDE260A85D100C075E0 /* Frameworks */,
				16DADFDF260A85D100C075E0 /* Resources */,
				C94AB42285FB70818B045AFF /* [CP] Embed Pods Frameworks */,
			);
			buildRules = (
			);
			dependencies = (
			);
			name = ClassRiders;
			productName = ClassRiders;
			productReference = 16DADFE1260A85D100C075E0 /* ClassRiders.app */;
			productType = "com.apple.product-type.application";
		};
/* End PBXNativeTarget section */

/* Begin PBXProject section */
		16DADFD9260A85D100C075E0 /* Project object */ = {
			isa = PBXProject;
			attributes = {
				LastSwiftUpdateCheck = 1220;
				LastUpgradeCheck = 1220;
				TargetAttributes = {
					16DADFE0260A85D100C075E0 = {
						CreatedOnToolsVersion = 12.2;
					};
				};
			};
			buildConfigurationList = 16DADFDC260A85D100C075E0 /* Build configuration list for PBXProject "ClassRiders" */;
			compatibilityVersion = "Xcode 9.3";
			developmentRegion = en;
			hasScannedForEncodings = 0;
			knownRegions = (
				en,
				Base,
			);
			mainGroup = 16DADFD8260A85D100C075E0;
			productRefGroup = 16DADFE2260A85D100C075E0 /* Products */;
			projectDirPath = "";
			projectRoot = "";
			targets = (
				16DADFE0260A85D100C075E0 /* ClassRiders */,
			);
		};
/* End PBXProject section */

/* Begin PBXResourcesBuildPhase section */
		16DADFDF260A85D100C075E0 /* Resources */ = {
			isa = PBXResourcesBuildPhase;
			buildActionMask = 2147483647;
			files = (
				16DADFF1260A85D400C075E0 /* LaunchScreen.storyboard in Resources */,
				16DADFEE260A85D400C075E0 /* Assets.xcassets in Resources */,
				16DADFEC260A85D100C075E0 /* Main.storyboard in Resources */,
			);
			runOnlyForDeploymentPostprocessing = 0;
		};
/* End PBXResourcesBuildPhase section */

/* Begin PBXShellScriptBuildPhase section */
		1A69AF973E4D10AAA1A2A016 /* [CP] Check Pods Manifest.lock */ = {
			isa = PBXShellScriptBuildPhase;
			buildActionMask = 2147483647;
			files = (
			);
			inputFileListPaths = (
			);
			inputPaths = (
				"${PODS_PODFILE_DIR_PATH}/Podfile.lock",
				"${PODS_ROOT}/Manifest.lock",
			);
			name = "[CP] Check Pods Manifest.lock";
			outputFileListPaths = (
			);
			outputPaths = (
				"$(DERIVED_FILE_DIR)/Pods-ClassRiders-checkManifestLockResult.txt",
			);
			runOnlyForDeploymentPostprocessing = 0;
			shellPath = /bin/sh;
			shellScript = "diff \"${PODS_PODFILE_DIR_PATH}/Podfile.lock\" \"${PODS_ROOT}/Manifest.lock\" > /dev/null\nif [ $? != 0 ] ; then\n    # print error to STDERR\n    echo \"error: The sandbox is not in sync with the Podfile.lock. Run 'pod install' or update your CocoaPods installation.\" >&2\n    exit 1\nfi\n# This output is used by Xcode 'outputs' to avoid re-running this script phase.\necho \"SUCCESS\" > \"${SCRIPT_OUTPUT_FILE_0}\"\n";
			showEnvVarsInLog = 0;
		};
		C94AB42285FB70818B045AFF /* [CP] Embed Pods Frameworks */ = {
			isa = PBXShellScriptBuildPhase;
			buildActionMask = 2147483647;
			files = (
			);
			inputFileListPaths = (
				"${PODS_ROOT}/Target Support Files/Pods-ClassRiders/Pods-ClassRiders-frameworks-${CONFIGURATION}-input-files.xcfilelist",
			);
			name = "[CP] Embed Pods Frameworks";
			outputFileListPaths = (
				"${PODS_ROOT}/Target Support Files/Pods-ClassRiders/Pods-ClassRiders-frameworks-${CONFIGURATION}-output-files.xcfilelist",
			);
			runOnlyForDeploymentPostprocessing = 0;
			shellPath = /bin/sh;
			shellScript = "\"${PODS_ROOT}/Target Support Files/Pods-ClassRiders/Pods-ClassRiders-frameworks.sh\"\n";
			showEnvVarsInLog = 0;
		};
/* End PBXShellScriptBuildPhase section */

/* Begin PBXSourcesBuildPhase section */
		16DADFDD260A85D100C075E0 /* Sources */ = {
			isa = PBXSourcesBuildPhase;
			buildActionMask = 2147483647;
			files = (
				162A1DDE260BBA9E00D7E4D5 /* BreakingBadDAO.swift in Sources */,
				16DADFE9260A85D100C075E0 /* ViewController.swift in Sources */,
				162A1DED260BBFCB00D7E4D5 /* Enviroment.swift in Sources */,
				162A1D25260B4CE100D7E4D5 /* BaseWireframe.swift in Sources */,
				162A1DD8260BB9E500D7E4D5 /* NetworkConstants.swift in Sources */,
				162A1D3F260B565700D7E4D5 /* UIViewControllerExtension.swift in Sources */,
				162A1DDB260BBA1C00D7E4D5 /* BaseNetworkProvider.swift in Sources */,
				162A1DE9260BBC9C00D7E4D5 /* BreakingBadNetworkProvider.swift in Sources */,
				162A1D28260B4FB000D7E4D5 /* BaseViewController.swift in Sources */,
				162A1D24260B4CE100D7E4D5 /* BaseEntity.swift in Sources */,
				162A1D1F260B4CE100D7E4D5 /* BasePresenter.swift in Sources */,
				162A1D2F260B551200D7E4D5 /* StringExtension.swift in Sources */,
				16DADFE5260A85D100C075E0 /* AppDelegate.swift in Sources */,
				16DADFE7260A85D100C075E0 /* SceneDelegate.swift in Sources */,
				162A1D21260B4CE100D7E4D5 /* BaseInteractor.swift in Sources */,
			);
			runOnlyForDeploymentPostprocessing = 0;
		};
/* End PBXSourcesBuildPhase section */

/* Begin PBXVariantGroup section */
		16DADFEA260A85D100C075E0 /* Main.storyboard */ = {
			isa = PBXVariantGroup;
			children = (
				16DADFEB260A85D100C075E0 /* Base */,
			);
			name = Main.storyboard;
			sourceTree = "<group>";
		};
		16DADFEF260A85D400C075E0 /* LaunchScreen.storyboard */ = {
			isa = PBXVariantGroup;
			children = (
				16DADFF0260A85D400C075E0 /* Base */,
			);
			name = LaunchScreen.storyboard;
			sourceTree = "<group>";
		};
/* End PBXVariantGroup section */

/* Begin XCBuildConfiguration section */
		1638C2F0260A87550037BAA0 /* Debug (production) */ = {
			isa = XCBuildConfiguration;
			buildSettings = {
				ALWAYS_SEARCH_USER_PATHS = NO;
				CLANG_ANALYZER_NONNULL = YES;
				CLANG_ANALYZER_NUMBER_OBJECT_CONVERSION = YES_AGGRESSIVE;
				CLANG_CXX_LANGUAGE_STANDARD = "gnu++14";
				CLANG_CXX_LIBRARY = "libc++";
				CLANG_ENABLE_MODULES = YES;
				CLANG_ENABLE_OBJC_ARC = YES;
				CLANG_ENABLE_OBJC_WEAK = YES;
				CLANG_WARN_BLOCK_CAPTURE_AUTORELEASING = YES;
				CLANG_WARN_BOOL_CONVERSION = YES;
				CLANG_WARN_COMMA = YES;
				CLANG_WARN_CONSTANT_CONVERSION = YES;
				CLANG_WARN_DEPRECATED_OBJC_IMPLEMENTATIONS = YES;
				CLANG_WARN_DIRECT_OBJC_ISA_USAGE = YES_ERROR;
				CLANG_WARN_DOCUMENTATION_COMMENTS = YES;
				CLANG_WARN_EMPTY_BODY = YES;
				CLANG_WARN_ENUM_CONVERSION = YES;
				CLANG_WARN_INFINITE_RECURSION = YES;
				CLANG_WARN_INT_CONVERSION = YES;
				CLANG_WARN_NON_LITERAL_NULL_CONVERSION = YES;
				CLANG_WARN_OBJC_IMPLICIT_RETAIN_SELF = YES;
				CLANG_WARN_OBJC_LITERAL_CONVERSION = YES;
				CLANG_WARN_OBJC_ROOT_CLASS = YES_ERROR;
				CLANG_WARN_QUOTED_INCLUDE_IN_FRAMEWORK_HEADER = YES;
				CLANG_WARN_RANGE_LOOP_ANALYSIS = YES;
				CLANG_WARN_STRICT_PROTOTYPES = YES;
				CLANG_WARN_SUSPICIOUS_MOVE = YES;
				CLANG_WARN_UNGUARDED_AVAILABILITY = YES_AGGRESSIVE;
				CLANG_WARN_UNREACHABLE_CODE = YES;
				CLANG_WARN__DUPLICATE_METHOD_MATCH = YES;
				COPY_PHASE_STRIP = NO;
				DEBUG_INFORMATION_FORMAT = dwarf;
				ENABLE_STRICT_OBJC_MSGSEND = YES;
				ENABLE_TESTABILITY = YES;
				GCC_C_LANGUAGE_STANDARD = gnu11;
				GCC_DYNAMIC_NO_PIC = NO;
				GCC_NO_COMMON_BLOCKS = YES;
				GCC_OPTIMIZATION_LEVEL = 0;
				GCC_PREPROCESSOR_DEFINITIONS = (
					"DEBUG=1",
					"$(inherited)",
				);
				GCC_WARN_64_TO_32_BIT_CONVERSION = YES;
				GCC_WARN_ABOUT_RETURN_TYPE = YES_ERROR;
				GCC_WARN_UNDECLARED_SELECTOR = YES;
				GCC_WARN_UNINITIALIZED_AUTOS = YES_AGGRESSIVE;
				GCC_WARN_UNUSED_FUNCTION = YES;
				GCC_WARN_UNUSED_VARIABLE = YES;
				IPHONEOS_DEPLOYMENT_TARGET = 14.2;
				MTL_ENABLE_DEBUG_INFO = INCLUDE_SOURCE;
				MTL_FAST_MATH = YES;
				ONLY_ACTIVE_ARCH = YES;
				SDKROOT = iphoneos;
				SWIFT_ACTIVE_COMPILATION_CONDITIONS = DEBUG;
				SWIFT_OPTIMIZATION_LEVEL = "-Onone";
			};
			name = "Debug (production)";
		};
		1638C2F1260A87550037BAA0 /* Debug (production) */ = {
			isa = XCBuildConfiguration;
			baseConfigurationReference = 1F45E68BECE35E9A0FA0B7BD /* Pods-ClassRiders.debug (production).xcconfig */;
			buildSettings = {
				APP_NAME = "ClassRiders Prod";
				ASSETCATALOG_COMPILER_APPICON_NAME = AppIcon;
				ASSETCATALOG_COMPILER_GLOBAL_ACCENT_COLOR_NAME = AccentColor;
				CODE_SIGN_STYLE = Automatic;
				DEVELOPMENT_TEAM = K59M646LT9;
				INFOPLIST_FILE = ClassRiders/Info.plist;
				LD_RUNPATH_SEARCH_PATHS = (
					"$(inherited)",
					"@executable_path/Frameworks",
				);
				PRODUCT_BUNDLE_IDENTIFIER = com.rgv.ClassRiders_prod;
				PRODUCT_NAME = "$(TARGET_NAME)";
				SWIFT_ACTIVE_COMPILATION_CONDITIONS = "DEBUG PROD";
				SWIFT_VERSION = 5.0;
				TARGETED_DEVICE_FAMILY = "1,2";
			};
			name = "Debug (production)";
		};
		1638C2F2260A87650037BAA0 /* Release (production)  */ = {
			isa = XCBuildConfiguration;
			buildSettings = {
				ALWAYS_SEARCH_USER_PATHS = NO;
				CLANG_ANALYZER_NONNULL = YES;
				CLANG_ANALYZER_NUMBER_OBJECT_CONVERSION = YES_AGGRESSIVE;
				CLANG_CXX_LANGUAGE_STANDARD = "gnu++14";
				CLANG_CXX_LIBRARY = "libc++";
				CLANG_ENABLE_MODULES = YES;
				CLANG_ENABLE_OBJC_ARC = YES;
				CLANG_ENABLE_OBJC_WEAK = YES;
				CLANG_WARN_BLOCK_CAPTURE_AUTORELEASING = YES;
				CLANG_WARN_BOOL_CONVERSION = YES;
				CLANG_WARN_COMMA = YES;
				CLANG_WARN_CONSTANT_CONVERSION = YES;
				CLANG_WARN_DEPRECATED_OBJC_IMPLEMENTATIONS = YES;
				CLANG_WARN_DIRECT_OBJC_ISA_USAGE = YES_ERROR;
				CLANG_WARN_DOCUMENTATION_COMMENTS = YES;
				CLANG_WARN_EMPTY_BODY = YES;
				CLANG_WARN_ENUM_CONVERSION = YES;
				CLANG_WARN_INFINITE_RECURSION = YES;
				CLANG_WARN_INT_CONVERSION = YES;
				CLANG_WARN_NON_LITERAL_NULL_CONVERSION = YES;
				CLANG_WARN_OBJC_IMPLICIT_RETAIN_SELF = YES;
				CLANG_WARN_OBJC_LITERAL_CONVERSION = YES;
				CLANG_WARN_OBJC_ROOT_CLASS = YES_ERROR;
				CLANG_WARN_QUOTED_INCLUDE_IN_FRAMEWORK_HEADER = YES;
				CLANG_WARN_RANGE_LOOP_ANALYSIS = YES;
				CLANG_WARN_STRICT_PROTOTYPES = YES;
				CLANG_WARN_SUSPICIOUS_MOVE = YES;
				CLANG_WARN_UNGUARDED_AVAILABILITY = YES_AGGRESSIVE;
				CLANG_WARN_UNREACHABLE_CODE = YES;
				CLANG_WARN__DUPLICATE_METHOD_MATCH = YES;
				COPY_PHASE_STRIP = NO;
				DEBUG_INFORMATION_FORMAT = "dwarf-with-dsym";
				ENABLE_NS_ASSERTIONS = NO;
				ENABLE_STRICT_OBJC_MSGSEND = YES;
				GCC_C_LANGUAGE_STANDARD = gnu11;
				GCC_NO_COMMON_BLOCKS = YES;
				GCC_WARN_64_TO_32_BIT_CONVERSION = YES;
				GCC_WARN_ABOUT_RETURN_TYPE = YES_ERROR;
				GCC_WARN_UNDECLARED_SELECTOR = YES;
				GCC_WARN_UNINITIALIZED_AUTOS = YES_AGGRESSIVE;
				GCC_WARN_UNUSED_FUNCTION = YES;
				GCC_WARN_UNUSED_VARIABLE = YES;
				IPHONEOS_DEPLOYMENT_TARGET = 14.2;
				MTL_ENABLE_DEBUG_INFO = NO;
				MTL_FAST_MATH = YES;
				SDKROOT = iphoneos;
				SWIFT_COMPILATION_MODE = wholemodule;
				SWIFT_OPTIMIZATION_LEVEL = "-O";
				VALIDATE_PRODUCT = YES;
			};
			name = "Release (production) ";
		};
		1638C2F3260A87650037BAA0 /* Release (production)  */ = {
			isa = XCBuildConfiguration;
			baseConfigurationReference = 26E7D22E69BA466F5FE99345 /* Pods-ClassRiders.release (production) .xcconfig */;
			buildSettings = {
				APP_NAME = "ClassRiders Prod";
				ASSETCATALOG_COMPILER_APPICON_NAME = AppIcon;
				ASSETCATALOG_COMPILER_GLOBAL_ACCENT_COLOR_NAME = AccentColor;
				CODE_SIGN_STYLE = Automatic;
				DEVELOPMENT_TEAM = K59M646LT9;
				INFOPLIST_FILE = ClassRiders/Info.plist;
				LD_RUNPATH_SEARCH_PATHS = (
					"$(inherited)",
					"@executable_path/Frameworks",
				);
				PRODUCT_BUNDLE_IDENTIFIER = com.rgv.ClassRiders_prod;
				PRODUCT_NAME = "$(TARGET_NAME)";
				SWIFT_ACTIVE_COMPILATION_CONDITIONS = PROD;
				SWIFT_VERSION = 5.0;
				TARGETED_DEVICE_FAMILY = "1,2";
			};
			name = "Release (production) ";
		};
		1638C2F4260A87EE0037BAA0 /* Debug */ = {
			isa = XCBuildConfiguration;
			buildSettings = {
				ALWAYS_SEARCH_USER_PATHS = NO;
				CLANG_ANALYZER_NONNULL = YES;
				CLANG_ANALYZER_NUMBER_OBJECT_CONVERSION = YES_AGGRESSIVE;
				CLANG_CXX_LANGUAGE_STANDARD = "gnu++14";
				CLANG_CXX_LIBRARY = "libc++";
				CLANG_ENABLE_MODULES = YES;
				CLANG_ENABLE_OBJC_ARC = YES;
				CLANG_ENABLE_OBJC_WEAK = YES;
				CLANG_WARN_BLOCK_CAPTURE_AUTORELEASING = YES;
				CLANG_WARN_BOOL_CONVERSION = YES;
				CLANG_WARN_COMMA = YES;
				CLANG_WARN_CONSTANT_CONVERSION = YES;
				CLANG_WARN_DEPRECATED_OBJC_IMPLEMENTATIONS = YES;
				CLANG_WARN_DIRECT_OBJC_ISA_USAGE = YES_ERROR;
				CLANG_WARN_DOCUMENTATION_COMMENTS = YES;
				CLANG_WARN_EMPTY_BODY = YES;
				CLANG_WARN_ENUM_CONVERSION = YES;
				CLANG_WARN_INFINITE_RECURSION = YES;
				CLANG_WARN_INT_CONVERSION = YES;
				CLANG_WARN_NON_LITERAL_NULL_CONVERSION = YES;
				CLANG_WARN_OBJC_IMPLICIT_RETAIN_SELF = YES;
				CLANG_WARN_OBJC_LITERAL_CONVERSION = YES;
				CLANG_WARN_OBJC_ROOT_CLASS = YES_ERROR;
				CLANG_WARN_QUOTED_INCLUDE_IN_FRAMEWORK_HEADER = YES;
				CLANG_WARN_RANGE_LOOP_ANALYSIS = YES;
				CLANG_WARN_STRICT_PROTOTYPES = YES;
				CLANG_WARN_SUSPICIOUS_MOVE = YES;
				CLANG_WARN_UNGUARDED_AVAILABILITY = YES_AGGRESSIVE;
				CLANG_WARN_UNREACHABLE_CODE = YES;
				CLANG_WARN__DUPLICATE_METHOD_MATCH = YES;
				COPY_PHASE_STRIP = NO;
				DEBUG_INFORMATION_FORMAT = dwarf;
				ENABLE_STRICT_OBJC_MSGSEND = YES;
				ENABLE_TESTABILITY = YES;
				GCC_C_LANGUAGE_STANDARD = gnu11;
				GCC_DYNAMIC_NO_PIC = NO;
				GCC_NO_COMMON_BLOCKS = YES;
				GCC_OPTIMIZATION_LEVEL = 0;
				GCC_PREPROCESSOR_DEFINITIONS = (
					"DEBUG=1",
					"$(inherited)",
				);
				GCC_WARN_64_TO_32_BIT_CONVERSION = YES;
				GCC_WARN_ABOUT_RETURN_TYPE = YES_ERROR;
				GCC_WARN_UNDECLARED_SELECTOR = YES;
				GCC_WARN_UNINITIALIZED_AUTOS = YES_AGGRESSIVE;
				GCC_WARN_UNUSED_FUNCTION = YES;
				GCC_WARN_UNUSED_VARIABLE = YES;
				IPHONEOS_DEPLOYMENT_TARGET = 14.2;
				MTL_ENABLE_DEBUG_INFO = INCLUDE_SOURCE;
				MTL_FAST_MATH = YES;
				ONLY_ACTIVE_ARCH = YES;
				SDKROOT = iphoneos;
				SWIFT_ACTIVE_COMPILATION_CONDITIONS = DEBUG;
				SWIFT_OPTIMIZATION_LEVEL = "-Onone";
			};
			name = Debug;
		};
		1638C2F5260A87EE0037BAA0 /* Debug */ = {
			isa = XCBuildConfiguration;
			baseConfigurationReference = 6C2D11799B8ED81C7C584506 /* Pods-ClassRiders.debug.xcconfig */;
			buildSettings = {
				APP_NAME = "ClassRiders Debug";
				ASSETCATALOG_COMPILER_APPICON_NAME = AppIcon;
				ASSETCATALOG_COMPILER_GLOBAL_ACCENT_COLOR_NAME = AccentColor;
				CODE_SIGN_STYLE = Automatic;
				DEVELOPMENT_TEAM = K59M646LT9;
				INFOPLIST_FILE = ClassRiders/Info.plist;
				LD_RUNPATH_SEARCH_PATHS = (
					"$(inherited)",
					"@executable_path/Frameworks",
				);
				PRODUCT_BUNDLE_IDENTIFIER = com.rgv.ClassRiders_debug;
				PRODUCT_NAME = "$(TARGET_NAME)";
				SWIFT_ACTIVE_COMPILATION_CONDITIONS = "DEBUG LOCAL";
				SWIFT_VERSION = 5.0;
				TARGETED_DEVICE_FAMILY = "1,2";
			};
			name = Debug;
		};
		16DADFF3260A85D400C075E0 /* Debug (development) */ = {
			isa = XCBuildConfiguration;
			buildSettings = {
				ALWAYS_SEARCH_USER_PATHS = NO;
				CLANG_ANALYZER_NONNULL = YES;
				CLANG_ANALYZER_NUMBER_OBJECT_CONVERSION = YES_AGGRESSIVE;
				CLANG_CXX_LANGUAGE_STANDARD = "gnu++14";
				CLANG_CXX_LIBRARY = "libc++";
				CLANG_ENABLE_MODULES = YES;
				CLANG_ENABLE_OBJC_ARC = YES;
				CLANG_ENABLE_OBJC_WEAK = YES;
				CLANG_WARN_BLOCK_CAPTURE_AUTORELEASING = YES;
				CLANG_WARN_BOOL_CONVERSION = YES;
				CLANG_WARN_COMMA = YES;
				CLANG_WARN_CONSTANT_CONVERSION = YES;
				CLANG_WARN_DEPRECATED_OBJC_IMPLEMENTATIONS = YES;
				CLANG_WARN_DIRECT_OBJC_ISA_USAGE = YES_ERROR;
				CLANG_WARN_DOCUMENTATION_COMMENTS = YES;
				CLANG_WARN_EMPTY_BODY = YES;
				CLANG_WARN_ENUM_CONVERSION = YES;
				CLANG_WARN_INFINITE_RECURSION = YES;
				CLANG_WARN_INT_CONVERSION = YES;
				CLANG_WARN_NON_LITERAL_NULL_CONVERSION = YES;
				CLANG_WARN_OBJC_IMPLICIT_RETAIN_SELF = YES;
				CLANG_WARN_OBJC_LITERAL_CONVERSION = YES;
				CLANG_WARN_OBJC_ROOT_CLASS = YES_ERROR;
				CLANG_WARN_QUOTED_INCLUDE_IN_FRAMEWORK_HEADER = YES;
				CLANG_WARN_RANGE_LOOP_ANALYSIS = YES;
				CLANG_WARN_STRICT_PROTOTYPES = YES;
				CLANG_WARN_SUSPICIOUS_MOVE = YES;
				CLANG_WARN_UNGUARDED_AVAILABILITY = YES_AGGRESSIVE;
				CLANG_WARN_UNREACHABLE_CODE = YES;
				CLANG_WARN__DUPLICATE_METHOD_MATCH = YES;
				COPY_PHASE_STRIP = NO;
				DEBUG_INFORMATION_FORMAT = dwarf;
				ENABLE_STRICT_OBJC_MSGSEND = YES;
				ENABLE_TESTABILITY = YES;
				GCC_C_LANGUAGE_STANDARD = gnu11;
				GCC_DYNAMIC_NO_PIC = NO;
				GCC_NO_COMMON_BLOCKS = YES;
				GCC_OPTIMIZATION_LEVEL = 0;
				GCC_PREPROCESSOR_DEFINITIONS = (
					"DEBUG=1",
					"$(inherited)",
				);
				GCC_WARN_64_TO_32_BIT_CONVERSION = YES;
				GCC_WARN_ABOUT_RETURN_TYPE = YES_ERROR;
				GCC_WARN_UNDECLARED_SELECTOR = YES;
				GCC_WARN_UNINITIALIZED_AUTOS = YES_AGGRESSIVE;
				GCC_WARN_UNUSED_FUNCTION = YES;
				GCC_WARN_UNUSED_VARIABLE = YES;
				IPHONEOS_DEPLOYMENT_TARGET = 14.2;
				MTL_ENABLE_DEBUG_INFO = INCLUDE_SOURCE;
				MTL_FAST_MATH = YES;
				ONLY_ACTIVE_ARCH = YES;
				SDKROOT = iphoneos;
				SWIFT_ACTIVE_COMPILATION_CONDITIONS = DEBUG;
				SWIFT_OPTIMIZATION_LEVEL = "-Onone";
			};
			name = "Debug (development)";
		};
		16DADFF4260A85D400C075E0 /* Release (development) */ = {
			isa = XCBuildConfiguration;
			buildSettings = {
				ALWAYS_SEARCH_USER_PATHS = NO;
				CLANG_ANALYZER_NONNULL = YES;
				CLANG_ANALYZER_NUMBER_OBJECT_CONVERSION = YES_AGGRESSIVE;
				CLANG_CXX_LANGUAGE_STANDARD = "gnu++14";
				CLANG_CXX_LIBRARY = "libc++";
				CLANG_ENABLE_MODULES = YES;
				CLANG_ENABLE_OBJC_ARC = YES;
				CLANG_ENABLE_OBJC_WEAK = YES;
				CLANG_WARN_BLOCK_CAPTURE_AUTORELEASING = YES;
				CLANG_WARN_BOOL_CONVERSION = YES;
				CLANG_WARN_COMMA = YES;
				CLANG_WARN_CONSTANT_CONVERSION = YES;
				CLANG_WARN_DEPRECATED_OBJC_IMPLEMENTATIONS = YES;
				CLANG_WARN_DIRECT_OBJC_ISA_USAGE = YES_ERROR;
				CLANG_WARN_DOCUMENTATION_COMMENTS = YES;
				CLANG_WARN_EMPTY_BODY = YES;
				CLANG_WARN_ENUM_CONVERSION = YES;
				CLANG_WARN_INFINITE_RECURSION = YES;
				CLANG_WARN_INT_CONVERSION = YES;
				CLANG_WARN_NON_LITERAL_NULL_CONVERSION = YES;
				CLANG_WARN_OBJC_IMPLICIT_RETAIN_SELF = YES;
				CLANG_WARN_OBJC_LITERAL_CONVERSION = YES;
				CLANG_WARN_OBJC_ROOT_CLASS = YES_ERROR;
				CLANG_WARN_QUOTED_INCLUDE_IN_FRAMEWORK_HEADER = YES;
				CLANG_WARN_RANGE_LOOP_ANALYSIS = YES;
				CLANG_WARN_STRICT_PROTOTYPES = YES;
				CLANG_WARN_SUSPICIOUS_MOVE = YES;
				CLANG_WARN_UNGUARDED_AVAILABILITY = YES_AGGRESSIVE;
				CLANG_WARN_UNREACHABLE_CODE = YES;
				CLANG_WARN__DUPLICATE_METHOD_MATCH = YES;
				COPY_PHASE_STRIP = NO;
				DEBUG_INFORMATION_FORMAT = "dwarf-with-dsym";
				ENABLE_NS_ASSERTIONS = NO;
				ENABLE_STRICT_OBJC_MSGSEND = YES;
				GCC_C_LANGUAGE_STANDARD = gnu11;
				GCC_NO_COMMON_BLOCKS = YES;
				GCC_WARN_64_TO_32_BIT_CONVERSION = YES;
				GCC_WARN_ABOUT_RETURN_TYPE = YES_ERROR;
				GCC_WARN_UNDECLARED_SELECTOR = YES;
				GCC_WARN_UNINITIALIZED_AUTOS = YES_AGGRESSIVE;
				GCC_WARN_UNUSED_FUNCTION = YES;
				GCC_WARN_UNUSED_VARIABLE = YES;
				IPHONEOS_DEPLOYMENT_TARGET = 14.2;
				MTL_ENABLE_DEBUG_INFO = NO;
				MTL_FAST_MATH = YES;
				SDKROOT = iphoneos;
				SWIFT_COMPILATION_MODE = wholemodule;
				SWIFT_OPTIMIZATION_LEVEL = "-O";
				VALIDATE_PRODUCT = YES;
			};
			name = "Release (development)";
		};
		16DADFF6260A85D400C075E0 /* Debug (development) */ = {
			isa = XCBuildConfiguration;
			baseConfigurationReference = 25ABB810790ACB9F1247785D /* Pods-ClassRiders.debug (development).xcconfig */;
			buildSettings = {
				APP_NAME = "ClassRiders Dev";
				ASSETCATALOG_COMPILER_APPICON_NAME = AppIcon;
				ASSETCATALOG_COMPILER_GLOBAL_ACCENT_COLOR_NAME = AccentColor;
				CODE_SIGN_STYLE = Automatic;
				DEVELOPMENT_TEAM = K59M646LT9;
				INFOPLIST_FILE = ClassRiders/Info.plist;
				LD_RUNPATH_SEARCH_PATHS = (
					"$(inherited)",
					"@executable_path/Frameworks",
				);
				PRODUCT_BUNDLE_IDENTIFIER = com.rgv.ClassRiders_dev;
				PRODUCT_NAME = "$(TARGET_NAME)";
				SWIFT_ACTIVE_COMPILATION_CONDITIONS = "DEBUG DEV";
				SWIFT_VERSION = 5.0;
				TARGETED_DEVICE_FAMILY = "1,2";
			};
			name = "Debug (development)";
		};
		16DADFF7260A85D400C075E0 /* Release (development) */ = {
			isa = XCBuildConfiguration;
			baseConfigurationReference = 220AB13B56084E0E44A41C6B /* Pods-ClassRiders.release (development).xcconfig */;
			buildSettings = {
				APP_NAME = "ClassRiders Dev";
				ASSETCATALOG_COMPILER_APPICON_NAME = AppIcon;
				ASSETCATALOG_COMPILER_GLOBAL_ACCENT_COLOR_NAME = AccentColor;
				CODE_SIGN_STYLE = Automatic;
				DEVELOPMENT_TEAM = K59M646LT9;
				INFOPLIST_FILE = ClassRiders/Info.plist;
				LD_RUNPATH_SEARCH_PATHS = (
					"$(inherited)",
					"@executable_path/Frameworks",
				);
				PRODUCT_BUNDLE_IDENTIFIER = com.rgv.ClassRiders_dev;
				PRODUCT_NAME = "$(TARGET_NAME)";
				SWIFT_ACTIVE_COMPILATION_CONDITIONS = DEV;
				SWIFT_VERSION = 5.0;
				TARGETED_DEVICE_FAMILY = "1,2";
			};
			name = "Release (development)";
		};
/* End XCBuildConfiguration section */

/* Begin XCConfigurationList section */
		16DADFDC260A85D100C075E0 /* Build configuration list for PBXProject "ClassRiders" */ = {
			isa = XCConfigurationList;
			buildConfigurations = (
				16DADFF3260A85D400C075E0 /* Debug (development) */,
				1638C2F4260A87EE0037BAA0 /* Debug */,
				1638C2F0260A87550037BAA0 /* Debug (production) */,
				16DADFF4260A85D400C075E0 /* Release (development) */,
				1638C2F2260A87650037BAA0 /* Release (production)  */,
			);
			defaultConfigurationIsVisible = 0;
			defaultConfigurationName = "Release (development)";
		};
		16DADFF5260A85D400C075E0 /* Build configuration list for PBXNativeTarget "ClassRiders" */ = {
			isa = XCConfigurationList;
			buildConfigurations = (
				16DADFF6260A85D400C075E0 /* Debug (development) */,
				1638C2F5260A87EE0037BAA0 /* Debug */,
				1638C2F1260A87550037BAA0 /* Debug (production) */,
				16DADFF7260A85D400C075E0 /* Release (development) */,
				1638C2F3260A87650037BAA0 /* Release (production)  */,
			);
			defaultConfigurationIsVisible = 0;
			defaultConfigurationName = "Release (development)";
		};
/* End XCConfigurationList section */
	};
	rootObject = 16DADFD9260A85D100C075E0 /* Project object */;
}
